
Microsoft Visual Studio Solution File, Format Version 12.00
# Visual Studio Version 17
VisualStudioVersion = 17.1.32414.318
MinimumVisualStudioVersion = 10.0.40219.1
Project("{8BC9CEB8-8B4A-11D0-8D11-00A0C91BC942}") = "Lab1", "Lab1\Lab1.vcxproj", "{1325DC39-F19B-4BCD-BAD0-D6D2FE0F6B7C}"
EndProject
Global
	GlobalSection(SolutionConfigurationPlatforms) = preSolution
		Debug|x64 = Debug|x64
		Debug|x86 = Debug|x86
		Release|x64 = Release|x64
		Release|x86 = Release|x86
	EndGlobalSection
	GlobalSection(ProjectConfigurationPlatforms) = postSolution
		{1325DC39-F19B-4BCD-BAD0-D6D2FE0F6B7C}.Debug|x64.ActiveCfg = Debug|x64
		{1325DC39-F19B-4BCD-BAD0-D6D2FE0F6B7C}.Debug|x64.Build.0 = Debug|x64
		{1325DC39-F19B-4BCD-BAD0-D6D2FE0F6B7C}.Debug|x86.ActiveCfg = Debug|Win32
		{1325DC39-F19B-4BCD-BAD0-D6D2FE0F6B7C}.Debug|x86.Build.0 = Debug|Win32
		{1325DC39-F19B-4BCD-BAD0-D6D2FE0F6B7C}.Release|x64.ActiveCfg = Release|x64
		{1325DC39-F19B-4BCD-BAD0-D6D2FE0F6B7C}.Release|x64.Build.0 = Release|x64
		{1325DC39-F19B-4BCD-BAD0-D6D2FE0F6B7C}.Release|x86.ActiveCfg = Release|Win32
		{1325DC39-F19B-4BCD-BAD0-D6D2FE0F6B7C}.Release|x86.Build.0 = Release|Win32
	EndGlobalSection
	GlobalSection(SolutionProperties) = preSolution
		HideSolutionNode = FALSE
	EndGlobalSection
	GlobalSection(ExtensibilityGlobals) = postSolution
		SolutionGuid = {9E516E23-D65A-434C-B455-EAC6297647E1}
	EndGlobalSection
EndGlobal
